
Microsoft Visual Studio Solution File, Format Version 12.00
# Visual Studio 2013
VisualStudioVersion = 12.0.31101.0
MinimumVisualStudioVersion = 10.0.40219.1
Project("{FAE04EC0-301F-11D3-BF4B-00C04F79EFBC}") = "KineticEnergy", "KineticEnergy\KineticEnergy.csproj", "{68689E70-A28A-43D8-AAAC-673951A5B11B}"
EndProject
Global
	GlobalSection(SolutionConfigurationPlatforms) = preSolution
		Debug|Any CPU = Debug|Any CPU
		Release|Any CPU = Release|Any CPU
	EndGlobalSection
	GlobalSection(ProjectConfigurationPlatforms) = postSolution
		{68689E70-A28A-43D8-AAAC-673951A5B11B}.Debug|Any CPU.ActiveCfg = Debug|Any CPU
		{68689E70-A28A-43D8-AAAC-673951A5B11B}.Debug|Any CPU.Build.0 = Debug|Any CPU
		{68689E70-A28A-43D8-AAAC-673951A5B11B}.Release|Any CPU.ActiveCfg = Release|Any CPU
		{68689E70-A28A-43D8-AAAC-673951A5B11B}.Release|Any CPU.Build.0 = Release|Any CPU
	EndGlobalSection
	GlobalSection(SolutionProperties) = preSolution
		HideSolutionNode = FALSE
	EndGlobalSection
EndGlobal
